// !$*UTF8*$!
{
	archiveVersion = 1;
	classes = {
	};
	objectVersion = 46;
	objects = {

/* Begin PBXBuildFile section */
		710379641C86B2750006A002 /* AppDelegate.swift in Sources */ = {isa = PBXBuildFile; fileRef = 710379631C86B2750006A002 /* AppDelegate.swift */; };
		710379661C86B2750006A002 /* MasterViewController.swift in Sources */ = {isa = PBXBuildFile; fileRef = 710379651C86B2750006A002 /* MasterViewController.swift */; };
		710379681C86B2750006A002 /* DetailViewController.swift in Sources */ = {isa = PBXBuildFile; fileRef = 710379671C86B2750006A002 /* DetailViewController.swift */; };
		7103796B1C86B2750006A002 /* Main.storyboard in Resources */ = {isa = PBXBuildFile; fileRef = 710379691C86B2750006A002 /* Main.storyboard */; };
		7103796D1C86B2750006A002 /* Assets.xcassets in Resources */ = {isa = PBXBuildFile; fileRef = 7103796C1C86B2750006A002 /* Assets.xcassets */; };
		710379701C86B2750006A002 /* LaunchScreen.storyboard in Resources */ = {isa = PBXBuildFile; fileRef = 7103796E1C86B2750006A002 /* LaunchScreen.storyboard */; };
		71037E001C86BE510006A002 /* XFiles.entitlements in Resources */ = {isa = PBXBuildFile; fileRef = 71037DFF1C86BE510006A002 /* XFiles.entitlements */; };
		71037E021C86C3D30006A002 /* ModelFile.swift in Sources */ = {isa = PBXBuildFile; fileRef = 71037E011C86C3D30006A002 /* ModelFile.swift */; };
		71037E041C86D4390006A002 /* QuickLook.framework in Frameworks */ = {isa = PBXBuildFile; fileRef = 71037E031C86D4390006A002 /* QuickLook.framework */; };
/* End PBXBuildFile section */

/* Begin PBXFileReference section */
		710379601C86B2750006A002 /* XFiles.app */ = {isa = PBXFileReference; explicitFileType = wrapper.application; includeInIndex = 0; path = XFiles.app; sourceTree = BUILT_PRODUCTS_DIR; };
		710379631C86B2750006A002 /* AppDelegate.swift */ = {isa = PBXFileReference; lastKnownFileType = sourcecode.swift; path = AppDelegate.swift; sourceTree = "<group>"; };
		710379651C86B2750006A002 /* MasterViewController.swift */ = {isa = PBXFileReference; lastKnownFileType = sourcecode.swift; path = MasterViewController.swift; sourceTree = "<group>"; };
		710379671C86B2750006A002 /* DetailViewController.swift */ = {isa = PBXFileReference; lastKnownFileType = sourcecode.swift; path = DetailViewController.swift; sourceTree = "<group>"; };
		7103796A1C86B2750006A002 /* Base */ = {isa = PBXFileReference; lastKnownFileType = file.storyboard; name = Base; path = Base.lproj/Main.storyboard; sourceTree = "<group>"; };
		7103796C1C86B2750006A002 /* Assets.xcassets */ = {isa = PBXFileReference; lastKnownFileType = folder.assetcatalog; path = Assets.xcassets; sourceTree = "<group>"; };
		7103796F1C86B2750006A002 /* Base */ = {isa = PBXFileReference; lastKnownFileType = file.storyboard; name = Base; path = Base.lproj/LaunchScreen.storyboard; sourceTree = "<group>"; };
		710379711C86B2750006A002 /* Info.plist */ = {isa = PBXFileReference; lastKnownFileType = text.plist.xml; path = Info.plist; sourceTree = "<group>"; };
		71037DFF1C86BE510006A002 /* XFiles.entitlements */ = {isa = PBXFileReference; fileEncoding = 4; lastKnownFileType = text.xml; path = XFiles.entitlements; sourceTree = "<group>"; };
		71037E011C86C3D30006A002 /* ModelFile.swift */ = {isa = PBXFileReference; fileEncoding = 4; lastKnownFileType = sourcecode.swift; path = ModelFile.swift; sourceTree = "<group>"; };
		71037E031C86D4390006A002 /* QuickLook.framework */ = {isa = PBXFileReference; lastKnownFileType = wrapper.framework; name = QuickLook.framework; path = System/Library/Frameworks/QuickLook.framework; sourceTree = SDKROOT; };
/* End PBXFileReference section */

/* Begin PBXFrameworksBuildPhase section */
		7103795D1C86B2750006A002 /* Frameworks */ = {
			isa = PBXFrameworksBuildPhase;
			buildActionMask = 2147483647;
			files = (
				71037E041C86D4390006A002 /* QuickLook.framework in Frameworks */,
			);
			runOnlyForDeploymentPostprocessing = 0;
		};
/* End PBXFrameworksBuildPhase section */

/* Begin PBXGroup section */
		710379571C86B2750006A002 = {
			isa = PBXGroup;
			children = (
				71037E031C86D4390006A002 /* QuickLook.framework */,
				710379621C86B2750006A002 /* XFiles */,
				710379611C86B2750006A002 /* Products */,
			);
			sourceTree = "<group>";
		};
		710379611C86B2750006A002 /* Products */ = {
			isa = PBXGroup;
			children = (
				710379601C86B2750006A002 /* XFiles.app */,
			);
			name = Products;
			sourceTree = "<group>";
		};
		710379621C86B2750006A002 /* XFiles */ = {
			isa = PBXGroup;
			children = (
				71037DFF1C86BE510006A002 /* XFiles.entitlements */,
				71037E011C86C3D30006A002 /* ModelFile.swift */,
				710379631C86B2750006A002 /* AppDelegate.swift */,
				710379651C86B2750006A002 /* MasterViewController.swift */,
				710379671C86B2750006A002 /* DetailViewController.swift */,
				710379691C86B2750006A002 /* Main.storyboard */,
				7103796C1C86B2750006A002 /* Assets.xcassets */,
				7103796E1C86B2750006A002 /* LaunchScreen.storyboard */,
				710379711C86B2750006A002 /* Info.plist */,
			);
			path = XFiles;
			sourceTree = "<group>";
		};
/* End PBXGroup section */

/* Begin PBXNativeTarget section */
		7103795F1C86B2750006A002 /* XFiles */ = {
			isa = PBXNativeTarget;
			buildConfigurationList = 710379741C86B2750006A002 /* Build configuration list for PBXNativeTarget "XFiles" */;
			buildPhases = (
				7103795C1C86B2750006A002 /* Sources */,
				7103795D1C86B2750006A002 /* Frameworks */,
				7103795E1C86B2750006A002 /* Resources */,
			);
			buildRules = (
			);
			dependencies = (
			);
			name = XFiles;
			productName = XFiles;
			productReference = 710379601C86B2750006A002 /* XFiles.app */;
			productType = "com.apple.product-type.application";
		};
/* End PBXNativeTarget section */

/* Begin PBXProject section */
		710379581C86B2750006A002 /* Project object */ = {
			isa = PBXProject;
			attributes = {
				LastSwiftUpdateCheck = 0720;
				LastUpgradeCheck = 0720;
				ORGANIZATIONNAME = JDG;
				TargetAttributes = {
					7103795F1C86B2750006A002 = {
						CreatedOnToolsVersion = 7.2.1;
						DevelopmentTeam = KUQET4384Y;
						LastSwiftMigration = 0820;
						SystemCapabilities = {
							com.apple.DataProtection = {
								enabled = 0;
							};
							com.apple.iCloud = {
								enabled = 0;
							};
						};
					};
				};
			};
			buildConfigurationList = 7103795B1C86B2750006A002 /* Build configuration list for PBXProject "XFiles" */;
			compatibilityVersion = "Xcode 3.2";
			developmentRegion = English;
			hasScannedForEncodings = 0;
			knownRegions = (
				en,
				Base,
			);
			mainGroup = 710379571C86B2750006A002;
			productRefGroup = 710379611C86B2750006A002 /* Products */;
			projectDirPath = "";
			projectRoot = "";
			targets = (
				7103795F1C86B2750006A002 /* XFiles */,
			);
		};
/* End PBXProject section */

/* Begin PBXResourcesBuildPhase section */
		7103795E1C86B2750006A002 /* Resources */ = {
			isa = PBXResourcesBuildPhase;
			buildActionMask = 2147483647;
			files = (
				71037E001C86BE510006A002 /* XFiles.entitlements in Resources */,
				710379701C86B2750006A002 /* LaunchScreen.storyboard in Resources */,
				7103796D1C86B2750006A002 /* Assets.xcassets in Resources */,
				7103796B1C86B2750006A002 /* Main.storyboard in Resources */,
			);
			runOnlyForDeploymentPostprocessing = 0;
		};
/* End PBXResourcesBuildPhase section */

/* Begin PBXSourcesBuildPhase section */
		7103795C1C86B2750006A002 /* Sources */ = {
			isa = PBXSourcesBuildPhase;
			buildActionMask = 2147483647;
			files = (
				710379681C86B2750006A002 /* DetailViewController.swift in Sources */,
				710379661C86B2750006A002 /* MasterViewController.swift in Sources */,
				710379641C86B2750006A002 /* AppDelegate.swift in Sources */,
				71037E021C86C3D30006A002 /* ModelFile.swift in Sources */,
			);
			runOnlyForDeploymentPostprocessing = 0;
		};
/* End PBXSourcesBuildPhase section */

/* Begin PBXVariantGroup section */
		710379691C86B2750006A002 /* Main.storyboard */ = {
			isa = PBXVariantGroup;
			children = (
				7103796A1C86B2750006A002 /* Base */,
			);
			name = Main.storyboard;
			sourceTree = "<group>";
		};
		7103796E1C86B2750006A002 /* LaunchScreen.storyboard */ = {
			isa = PBXVariantGroup;
			children = (
				7103796F1C86B2750006A002 /* Base */,
			);
			name = LaunchScreen.storyboard;
			sourceTree = "<group>";
		};
/* End PBXVariantGroup section */

/* Begin XCBuildConfiguration section */
		710379721C86B2750006A002 /* Debug */ = {
			isa = XCBuildConfiguration;
			buildSettings = {
				ALWAYS_SEARCH_USER_PATHS = NO;
				CLANG_CXX_LANGUAGE_STANDARD = "gnu++0x";
				CLANG_CXX_LIBRARY = "libc++";
				CLANG_ENABLE_MODULES = YES;
				CLANG_ENABLE_OBJC_ARC = YES;
				CLANG_WARN_BOOL_CONVERSION = YES;
				CLANG_WARN_CONSTANT_CONVERSION = YES;
				CLANG_WARN_DIRECT_OBJC_ISA_USAGE = YES_ERROR;
				CLANG_WARN_EMPTY_BODY = YES;
				CLANG_WARN_ENUM_CONVERSION = YES;
				CLANG_WARN_INT_CONVERSION = YES;
				CLANG_WARN_OBJC_ROOT_CLASS = YES_ERROR;
				CLANG_WARN_UNREACHABLE_CODE = YES;
				CLANG_WARN__DUPLICATE_METHOD_MATCH = YES;
				"CODE_SIGN_IDENTITY[sdk=iphoneos*]" = "iPhone Developer";
				COPY_PHASE_STRIP = NO;
				DEBUG_INFORMATION_FORMAT = dwarf;
				ENABLE_STRICT_OBJC_MSGSEND = YES;
				ENABLE_TESTABILITY = YES;
				GCC_C_LANGUAGE_STANDARD = gnu99;
				GCC_DYNAMIC_NO_PIC = NO;
				GCC_NO_COMMON_BLOCKS = YES;
				GCC_OPTIMIZATION_LEVEL = 0;
				GCC_PREPROCESSOR_DEFINITIONS = (
					"DEBUG=1",
					"$(inherited)",
				);
				GCC_WARN_64_TO_32_BIT_CONVERSION = YES;
				GCC_WARN_ABOUT_RETURN_TYPE = YES_ERROR;
				GCC_WARN_UNDECLARED_SELECTOR = YES;
				GCC_WARN_UNINITIALIZED_AUTOS = YES_AGGRESSIVE;
				GCC_WARN_UNUSED_FUNCTION = YES;
				GCC_WARN_UNUSED_VARIABLE = YES;
				IPHONEOS_DEPLOYMENT_TARGET = 9.2;
				MTL_ENABLE_DEBUG_INFO = YES;
				ONLY_ACTIVE_ARCH = YES;
				SDKROOT = iphoneos;
				SWIFT_OPTIMIZATION_LEVEL = "-Onone";
			};
			name = Debug;
		};
		710379731C86B2750006A002 /* Release */ = {
			isa = XCBuildConfiguration;
			buildSettings = {
				ALWAYS_SEARCH_USER_PATHS = NO;
				CLANG_CXX_LANGUAGE_STANDARD = "gnu++0x";
				CLANG_CXX_LIBRARY = "libc++";
				CLANG_ENABLE_MODULES = YES;
				CLANG_ENABLE_OBJC_ARC = YES;
				CLANG_WARN_BOOL_CONVERSION = YES;
				CLANG_WARN_CONSTANT_CONVERSION = YES;
				CLANG_WARN_DIRECT_OBJC_ISA_USAGE = YES_ERROR;
				CLANG_WARN_EMPTY_BODY = YES;
				CLANG_WARN_ENUM_CONVERSION = YES;
				CLANG_WARN_INT_CONVERSION = YES;
				CLANG_WARN_OBJC_ROOT_CLASS = YES_ERROR;
				CLANG_WARN_UNREACHABLE_CODE = YES;
				CLANG_WARN__DUPLICATE_METHOD_MATCH = YES;
				"CODE_SIGN_IDENTITY[sdk=iphoneos*]" = "iPhone Developer";
				COPY_PHASE_STRIP = NO;
				DEBUG_INFORMATION_FORMAT = "dwarf-with-dsym";
				ENABLE_NS_ASSERTIONS = NO;
				ENABLE_STRICT_OBJC_MSGSEND = YES;
				GCC_C_LANGUAGE_STANDARD = gnu99;
				GCC_NO_COMMON_BLOCKS = YES;
				GCC_WARN_64_TO_32_BIT_CONVERSION = YES;
				GCC_WARN_ABOUT_RETURN_TYPE = YES_ERROR;
				GCC_WARN_UNDECLARED_SELECTOR = YES;
				GCC_WARN_UNINITIALIZED_AUTOS = YES_AGGRESSIVE;
				GCC_WARN_UNUSED_FUNCTION = YES;
				GCC_WARN_UNUSED_VARIABLE = YES;
				IPHONEOS_DEPLOYMENT_TARGET = 9.2;
				MTL_ENABLE_DEBUG_INFO = NO;
				SDKROOT = iphoneos;
				VALIDATE_PRODUCT = YES;
			};
			name = Release;
		};
		710379751C86B2750006A002 /* Debug */ = {
			isa = XCBuildConfiguration;
			buildSettings = {
				ASSETCATALOG_COMPILER_APPICON_NAME = AppIcon;
				CODE_SIGN_IDENTITY = "iPhone Developer";
				"CODE_SIGN_IDENTITY[sdk=iphoneos*]" = "iPhone Developer";
				DEVELOPMENT_TEAM = KUQET4384Y;
				INFOPLIST_FILE = XFiles/Info.plist;
				LD_RUNPATH_SEARCH_PATHS = "$(inherited) @executable_path/Frameworks";
				PRODUCT_BUNDLE_IDENTIFIER = com.burnish.XFiles;
				PRODUCT_NAME = "$(TARGET_NAME)";
				PROVISIONING_PROFILE = "";
				SWIFT_VERSION = 3.0;
			};
			name = Debug;
		};
		710379761C86B2750006A002 /* Release */ = {
			isa = XCBuildConfiguration;
			buildSettings = {
				ASSETCATALOG_COMPILER_APPICON_NAME = AppIcon;
				CODE_SIGN_IDENTITY = "iPhone Developer";
				"CODE_SIGN_IDENTITY[sdk=iphoneos*]" = "iPhone Developer";
				DEVELOPMENT_TEAM = KUQET4384Y;
				INFOPLIST_FILE = XFiles/Info.plist;
				LD_RUNPATH_SEARCH_PATHS = "$(inherited) @executable_path/Frameworks";
				PRODUCT_BUNDLE_IDENTIFIER = com.burnish.XFiles;
				PRODUCT_NAME = "$(TARGET_NAME)";
				PROVISIONING_PROFILE = "";
				SWIFT_VERSION = 3.0;
			};
			name = Release;
		};
/* End XCBuildConfiguration section */

/* Begin XCConfigurationList section */
		7103795B1C86B2750006A002 /* Build configuration list for PBXProject "XFiles" */ = {
			isa = XCConfigurationList;
			buildConfigurations = (
				710379721C86B2750006A002 /* Debug */,
				710379731C86B2750006A002 /* Release */,
			);
			defaultConfigurationIsVisible = 0;
			defaultConfigurationName = Release;
		};
		710379741C86B2750006A002 /* Build configuration list for PBXNativeTarget "XFiles" */ = {
			isa = XCConfigurationList;
			buildConfigurations = (
				710379751C86B2750006A002 /* Debug */,
				710379761C86B2750006A002 /* Release */,
			);
			defaultConfigurationIsVisible = 0;
			defaultConfigurationName = Release;
		};
/* End XCConfigurationList section */
	};
	rootObject = 710379581C86B2750006A002 /* Project object */;
}
